
Microsoft Visual Studio Solution File, Format Version 12.00
# Visual Studio Version 16
VisualStudioVersion = 16.0.31321.278
MinimumVisualStudioVersion = 10.0.40219.1
Project("{FAE04EC0-301F-11D3-BF4B-00C04F79EFBC}") = "WebApplication.FMS.WebAPI", "WebApplication.FMS.WebAPI\WebApplication.FMS.WebAPI.csproj", "{BDB1FAE9-81C1-4899-B331-C6EF9CC4475E}"
EndProject
Project("{00D1A9C2-B5F0-4AF3-8072-F6C62B433612}") = "SSDP.FMS.Database", "SSDP.FMS.Database\SSDP.FMS.Database.sqlproj", "{859EB250-56E5-4A34-A17C-E6AFC1F9067E}"
EndProject
Project("{FAE04EC0-301F-11D3-BF4B-00C04F79EFBC}") = "ClassLibrary.FMS.DataModels", "ClassLibrary.FMS.DataModels\ClassLibrary.FMS.DataModels.csproj", "{7C90ADAB-D3D0-4B85-A547-F885BC29580E}"
EndProject
Project("{FAE04EC0-301F-11D3-BF4B-00C04F79EFBC}") = "ClassLibrary.FMS.DatabaseOperations", "ClassLibrary.FMS.DatabaseOperations\ClassLibrary.FMS.DatabaseOperations.csproj", "{C35D8BAF-1D8E-4E88-96C2-F2A14960BCE5}"
EndProject
Project("{FAE04EC0-301F-11D3-BF4B-00C04F79EFBC}") = "WebApplication.FMS.MVC", "WebApplication.FMS.MVC\WebApplication.FMS.MVC.csproj", "{50A211F0-7CAD-454F-94C7-54F8119C1FD9}"
EndProject
Global
	GlobalSection(SolutionConfigurationPlatforms) = preSolution
		Debug|Any CPU = Debug|Any CPU
		Release|Any CPU = Release|Any CPU
	EndGlobalSection
	GlobalSection(ProjectConfigurationPlatforms) = postSolution
		{BDB1FAE9-81C1-4899-B331-C6EF9CC4475E}.Debug|Any CPU.ActiveCfg = Debug|Any CPU
		{BDB1FAE9-81C1-4899-B331-C6EF9CC4475E}.Debug|Any CPU.Build.0 = Debug|Any CPU
		{BDB1FAE9-81C1-4899-B331-C6EF9CC4475E}.Release|Any CPU.ActiveCfg = Release|Any CPU
		{BDB1FAE9-81C1-4899-B331-C6EF9CC4475E}.Release|Any CPU.Build.0 = Release|Any CPU
		{859EB250-56E5-4A34-A17C-E6AFC1F9067E}.Debug|Any CPU.ActiveCfg = Debug|Any CPU
		{859EB250-56E5-4A34-A17C-E6AFC1F9067E}.Debug|Any CPU.Build.0 = Debug|Any CPU
		{859EB250-56E5-4A34-A17C-E6AFC1F9067E}.Debug|Any CPU.Deploy.0 = Debug|Any CPU
		{859EB250-56E5-4A34-A17C-E6AFC1F9067E}.Release|Any CPU.ActiveCfg = Release|Any CPU
		{859EB250-56E5-4A34-A17C-E6AFC1F9067E}.Release|Any CPU.Build.0 = Release|Any CPU
		{859EB250-56E5-4A34-A17C-E6AFC1F9067E}.Release|Any CPU.Deploy.0 = Release|Any CPU
		{7C90ADAB-D3D0-4B85-A547-F885BC29580E}.Debug|Any CPU.ActiveCfg = Debug|Any CPU
		{7C90ADAB-D3D0-4B85-A547-F885BC29580E}.Debug|Any CPU.Build.0 = Debug|Any CPU
		{7C90ADAB-D3D0-4B85-A547-F885BC29580E}.Release|Any CPU.ActiveCfg = Release|Any CPU
		{7C90ADAB-D3D0-4B85-A547-F885BC29580E}.Release|Any CPU.Build.0 = Release|Any CPU
		{C35D8BAF-1D8E-4E88-96C2-F2A14960BCE5}.Debug|Any CPU.ActiveCfg = Debug|Any CPU
		{C35D8BAF-1D8E-4E88-96C2-F2A14960BCE5}.Debug|Any CPU.Build.0 = Debug|Any CPU
		{C35D8BAF-1D8E-4E88-96C2-F2A14960BCE5}.Release|Any CPU.ActiveCfg = Release|Any CPU
		{C35D8BAF-1D8E-4E88-96C2-F2A14960BCE5}.Release|Any CPU.Build.0 = Release|Any CPU
		{50A211F0-7CAD-454F-94C7-54F8119C1FD9}.Debug|Any CPU.ActiveCfg = Debug|Any CPU
		{50A211F0-7CAD-454F-94C7-54F8119C1FD9}.Debug|Any CPU.Build.0 = Debug|Any CPU
		{50A211F0-7CAD-454F-94C7-54F8119C1FD9}.Release|Any CPU.ActiveCfg = Release|Any CPU
		{50A211F0-7CAD-454F-94C7-54F8119C1FD9}.Release|Any CPU.Build.0 = Release|Any CPU
	EndGlobalSection
	GlobalSection(SolutionProperties) = preSolution
		HideSolutionNode = FALSE
	EndGlobalSection
	GlobalSection(ExtensibilityGlobals) = postSolution
		SolutionGuid = {FEA3700E-6EE4-4D6E-ADCA-8FDA25CD7FA2}
	EndGlobalSection
EndGlobal
