
Microsoft Visual Studio Solution File, Format Version 12.00
# Visual Studio Version 16
VisualStudioVersion = 16.0.31321.278
MinimumVisualStudioVersion = 10.0.40219.1
Project("{FAE04EC0-301F-11D3-BF4B-00C04F79EFBC}") = "WebApplication.FMS.WebAPI", "WebApplication.FMS.WebAPI\WebApplication.FMS.WebAPI.csproj", "{BDB1FAE9-81C1-4899-B331-C6EF9CC4475E}"
EndProject
Project("{00D1A9C2-B5F0-4AF3-8072-F6C62B433612}") = "SSDP.FMS.Database", "SSDP.FMS.Database\SSDP.FMS.Database.sqlproj", "{859EB250-56E5-4A34-A17C-E6AFC1F9067E}"
EndProject
Project("{FAE04EC0-301F-11D3-BF4B-00C04F79EFBC}") = "ClassLibrary.FMS.DataModels", "ClassLibrary.FMS.DataModels\ClassLibrary.FMS.DataModels.csproj", "{9DF7A436-A785-4CC1-96A2-BC1609DDE5F1}"
EndProject
Project("{FAE04EC0-301F-11D3-BF4B-00C04F79EFBC}") = "ClassLibrary.FMS.DatabaseOperations", "ClassLibrary.FMS.DatabaseOperations\ClassLibrary.FMS.DatabaseOperations.csproj", "{99AFC057-69A2-479F-AC9F-77CE5E49860D}"
EndProject
Project("{9A19103F-16F7-4668-BE54-9A1E7A4F7556}") = "WebApplication.FMS.MVC", "WebApplication.FMS.MVC\WebApplication.FMS.MVC.csproj", "{50A211F0-7CAD-454F-94C7-54F8119C1FD9}"
EndProject
Project("{FAE04EC0-301F-11D3-BF4B-00C04F79EFBC}") = "Models", "Models\Models.csproj", "{CF738F0A-377C-4025-B175-CFA6850696D7}"
EndProject
Global
	GlobalSection(SolutionConfigurationPlatforms) = preSolution
		Debug|Any CPU = Debug|Any CPU
		Release|Any CPU = Release|Any CPU
	EndGlobalSection
	GlobalSection(ProjectConfigurationPlatforms) = postSolution
		{BDB1FAE9-81C1-4899-B331-C6EF9CC4475E}.Debug|Any CPU.ActiveCfg = Debug|Any CPU
		{BDB1FAE9-81C1-4899-B331-C6EF9CC4475E}.Debug|Any CPU.Build.0 = Debug|Any CPU
		{BDB1FAE9-81C1-4899-B331-C6EF9CC4475E}.Release|Any CPU.ActiveCfg = Release|Any CPU
		{BDB1FAE9-81C1-4899-B331-C6EF9CC4475E}.Release|Any CPU.Build.0 = Release|Any CPU
		{859EB250-56E5-4A34-A17C-E6AFC1F9067E}.Debug|Any CPU.ActiveCfg = Debug|Any CPU
		{859EB250-56E5-4A34-A17C-E6AFC1F9067E}.Debug|Any CPU.Build.0 = Debug|Any CPU
		{859EB250-56E5-4A34-A17C-E6AFC1F9067E}.Debug|Any CPU.Deploy.0 = Debug|Any CPU
		{859EB250-56E5-4A34-A17C-E6AFC1F9067E}.Release|Any CPU.ActiveCfg = Release|Any CPU
		{859EB250-56E5-4A34-A17C-E6AFC1F9067E}.Release|Any CPU.Build.0 = Release|Any CPU
		{859EB250-56E5-4A34-A17C-E6AFC1F9067E}.Release|Any CPU.Deploy.0 = Release|Any CPU
		{9DF7A436-A785-4CC1-96A2-BC1609DDE5F1}.Debug|Any CPU.ActiveCfg = Debug|Any CPU
		{9DF7A436-A785-4CC1-96A2-BC1609DDE5F1}.Debug|Any CPU.Build.0 = Debug|Any CPU
		{9DF7A436-A785-4CC1-96A2-BC1609DDE5F1}.Release|Any CPU.ActiveCfg = Release|Any CPU
		{9DF7A436-A785-4CC1-96A2-BC1609DDE5F1}.Release|Any CPU.Build.0 = Release|Any CPU
		{99AFC057-69A2-479F-AC9F-77CE5E49860D}.Debug|Any CPU.ActiveCfg = Debug|Any CPU
		{99AFC057-69A2-479F-AC9F-77CE5E49860D}.Debug|Any CPU.Build.0 = Debug|Any CPU
		{99AFC057-69A2-479F-AC9F-77CE5E49860D}.Release|Any CPU.ActiveCfg = Release|Any CPU
		{99AFC057-69A2-479F-AC9F-77CE5E49860D}.Release|Any CPU.Build.0 = Release|Any CPU
		{50A211F0-7CAD-454F-94C7-54F8119C1FD9}.Debug|Any CPU.ActiveCfg = Debug|Any CPU
		{50A211F0-7CAD-454F-94C7-54F8119C1FD9}.Debug|Any CPU.Build.0 = Debug|Any CPU
		{50A211F0-7CAD-454F-94C7-54F8119C1FD9}.Release|Any CPU.ActiveCfg = Release|Any CPU
		{50A211F0-7CAD-454F-94C7-54F8119C1FD9}.Release|Any CPU.Build.0 = Release|Any CPU
		{CF738F0A-377C-4025-B175-CFA6850696D7}.Debug|Any CPU.ActiveCfg = Debug|Any CPU
		{CF738F0A-377C-4025-B175-CFA6850696D7}.Debug|Any CPU.Build.0 = Debug|Any CPU
		{CF738F0A-377C-4025-B175-CFA6850696D7}.Release|Any CPU.ActiveCfg = Release|Any CPU
		{CF738F0A-377C-4025-B175-CFA6850696D7}.Release|Any CPU.Build.0 = Release|Any CPU
	EndGlobalSection
	GlobalSection(SolutionProperties) = preSolution
		HideSolutionNode = FALSE
	EndGlobalSection
	GlobalSection(ExtensibilityGlobals) = postSolution
		SolutionGuid = {FEA3700E-6EE4-4D6E-ADCA-8FDA25CD7FA2}
	EndGlobalSection
EndGlobal
